
Microsoft Visual Studio Solution File, Format Version 12.00
# Visual Studio 15
VisualStudioVersion = 15.0.27428.2043
MinimumVisualStudioVersion = 10.0.40219.1
Project("{FAE04EC0-301F-11D3-BF4B-00C04F79EFBC}") = "MoCourtDocumentUpload", "MoCourtDocumentUpload\MoCourtDocumentUpload.csproj", "{8C5D7C1D-5C77-4D1B-9352-C4ACFC8EA158}"
EndProject
Global
	GlobalSection(SolutionConfigurationPlatforms) = preSolution
		Debug|Any CPU = Debug|Any CPU
		Release|Any CPU = Release|Any CPU
	EndGlobalSection
	GlobalSection(ProjectConfigurationPlatforms) = postSolution
		{8C5D7C1D-5C77-4D1B-9352-C4ACFC8EA158}.Debug|Any CPU.ActiveCfg = Debug|Any CPU
		{8C5D7C1D-5C77-4D1B-9352-C4ACFC8EA158}.Debug|Any CPU.Build.0 = Debug|Any CPU
		{8C5D7C1D-5C77-4D1B-9352-C4ACFC8EA158}.Release|Any CPU.ActiveCfg = Release|Any CPU
		{8C5D7C1D-5C77-4D1B-9352-C4ACFC8EA158}.Release|Any CPU.Build.0 = Release|Any CPU
	EndGlobalSection
	GlobalSection(SolutionProperties) = preSolution
		HideSolutionNode = FALSE
	EndGlobalSection
	GlobalSection(ExtensibilityGlobals) = postSolution
		SolutionGuid = {31CF8BA6-9FCF-4298-960C-F4F2CADC55D2}
	EndGlobalSection
	GlobalSection(TeamFoundationVersionControl) = preSolution
		SccNumberOfProjects = 2
		SccEnterpriseProvider = {4CA58AB2-18FA-4F8D-95D4-32DDF27D184C}
		SccTeamFoundationServer = https://tfs.p.vu.local/tfs/defaultcollection
		SccLocalPath0 = .
		SccProjectUniqueName1 = MoCourtDocumentUpload\\MoCourtDocumentUpload.csproj
		SccProjectName1 = MoCourtDocumentUpload
		SccLocalPath1 = MoCourtDocumentUpload
	EndGlobalSection
EndGlobal
